
Microsoft Visual Studio Solution File, Format Version 12.00
Project("{FAE04EC0-301F-11D3-BF4B-00C04F79EFBC}") = "Acme.Center.Platform", "Acme.Center.Platform\Acme.Center.Platform.csproj", "{CDA845DF-396C-4461-98E2-66B8B0E2030B}"
EndProject
Global
	GlobalSection(SolutionConfigurationPlatforms) = preSolution
		Debug|Any CPU = Debug|Any CPU
		Release|Any CPU = Release|Any CPU
	EndGlobalSection
	GlobalSection(ProjectConfigurationPlatforms) = postSolution
		{CDA845DF-396C-4461-98E2-66B8B0E2030B}.Debug|Any CPU.ActiveCfg = Debug|Any CPU
		{CDA845DF-396C-4461-98E2-66B8B0E2030B}.Debug|Any CPU.Build.0 = Debug|Any CPU
		{CDA845DF-396C-4461-98E2-66B8B0E2030B}.Release|Any CPU.ActiveCfg = Release|Any CPU
		{CDA845DF-396C-4461-98E2-66B8B0E2030B}.Release|Any CPU.Build.0 = Release|Any CPU
	EndGlobalSection
EndGlobal
